// !$*UTF8*$!
{
	archiveVersion = 1;
	classes = {
	};
	objectVersion = 51;
	objects = {

/* Begin PBXBuildFile section */
		5433263826D4A7E40014089F /* AppDelegate.swift in Sources */ = {isa = PBXBuildFile; fileRef = 5433263726D4A7E40014089F /* AppDelegate.swift */; };
		5433263A26D4A7E40014089F /* SceneDelegate.swift in Sources */ = {isa = PBXBuildFile; fileRef = 5433263926D4A7E40014089F /* SceneDelegate.swift */; };
		5433263C26D4A7E40014089F /* MainViewController.swift in Sources */ = {isa = PBXBuildFile; fileRef = 5433263B26D4A7E40014089F /* MainViewController.swift */; };
		5433263F26D4A7E40014089F /* Main.storyboard in Resources */ = {isa = PBXBuildFile; fileRef = 5433263D26D4A7E40014089F /* Main.storyboard */; };
		5433264126D4A7E60014089F /* Assets.xcassets in Resources */ = {isa = PBXBuildFile; fileRef = 5433264026D4A7E60014089F /* Assets.xcassets */; };
		5433264426D4A7E60014089F /* LaunchScreen.storyboard in Resources */ = {isa = PBXBuildFile; fileRef = 5433264226D4A7E60014089F /* LaunchScreen.storyboard */; };
		5476FA1926DB5E85004A38FD /* RegisterViewController.swift in Sources */ = {isa = PBXBuildFile; fileRef = 5476FA1826DB5E85004A38FD /* RegisterViewController.swift */; };
		54F6DBD226DF5D170043D069 /* GoogleService-Info.plist in Resources */ = {isa = PBXBuildFile; fileRef = 54F6DBD126DF5D170043D069 /* GoogleService-Info.plist */; };
		54F6DBD426DF69150043D069 /* ChatViewController.swift in Sources */ = {isa = PBXBuildFile; fileRef = 54F6DBD326DF69150043D069 /* ChatViewController.swift */; };
		BAE49E40359175DB2D16E42A /* Pods_Demo.framework in Frameworks */ = {isa = PBXBuildFile; fileRef = BBE80879FBB99F1F7B6EACFA /* Pods_Demo.framework */; };
/* End PBXBuildFile section */

/* Begin PBXFileReference section */
		2C2A11A73D36E147161AB316 /* Pods-Demo.release.xcconfig */ = {isa = PBXFileReference; includeInIndex = 1; lastKnownFileType = text.xcconfig; name = "Pods-Demo.release.xcconfig"; path = "Target Support Files/Pods-Demo/Pods-Demo.release.xcconfig"; sourceTree = "<group>"; };
		5433263426D4A7E40014089F /* Demo.app */ = {isa = PBXFileReference; explicitFileType = wrapper.application; includeInIndex = 0; path = Demo.app; sourceTree = BUILT_PRODUCTS_DIR; };
		5433263726D4A7E40014089F /* AppDelegate.swift */ = {isa = PBXFileReference; lastKnownFileType = sourcecode.swift; path = AppDelegate.swift; sourceTree = "<group>"; };
		5433263926D4A7E40014089F /* SceneDelegate.swift */ = {isa = PBXFileReference; lastKnownFileType = sourcecode.swift; path = SceneDelegate.swift; sourceTree = "<group>"; };
		5433263B26D4A7E40014089F /* MainViewController.swift */ = {isa = PBXFileReference; lastKnownFileType = sourcecode.swift; path = MainViewController.swift; sourceTree = "<group>"; };
		5433263E26D4A7E40014089F /* Base */ = {isa = PBXFileReference; lastKnownFileType = file.storyboard; name = Base; path = Base.lproj/Main.storyboard; sourceTree = "<group>"; };
		5433264026D4A7E60014089F /* Assets.xcassets */ = {isa = PBXFileReference; lastKnownFileType = folder.assetcatalog; path = Assets.xcassets; sourceTree = "<group>"; };
		5433264326D4A7E60014089F /* Base */ = {isa = PBXFileReference; lastKnownFileType = file.storyboard; name = Base; path = Base.lproj/LaunchScreen.storyboard; sourceTree = "<group>"; };
		5433264526D4A7E60014089F /* Info.plist */ = {isa = PBXFileReference; lastKnownFileType = text.plist.xml; path = Info.plist; sourceTree = "<group>"; };
		5476FA1826DB5E85004A38FD /* RegisterViewController.swift */ = {isa = PBXFileReference; lastKnownFileType = sourcecode.swift; path = RegisterViewController.swift; sourceTree = "<group>"; };
		54F6DBD126DF5D170043D069 /* GoogleService-Info.plist */ = {isa = PBXFileReference; fileEncoding = 4; lastKnownFileType = text.plist.xml; path = "GoogleService-Info.plist"; sourceTree = "<group>"; };
		54F6DBD326DF69150043D069 /* ChatViewController.swift */ = {isa = PBXFileReference; lastKnownFileType = sourcecode.swift; path = ChatViewController.swift; sourceTree = "<group>"; };
		9BB30FB8D0A03F5BA7847BCF /* Pods-Demo.debug.xcconfig */ = {isa = PBXFileReference; includeInIndex = 1; lastKnownFileType = text.xcconfig; name = "Pods-Demo.debug.xcconfig"; path = "Target Support Files/Pods-Demo/Pods-Demo.debug.xcconfig"; sourceTree = "<group>"; };
		BBE80879FBB99F1F7B6EACFA /* Pods_Demo.framework */ = {isa = PBXFileReference; explicitFileType = wrapper.framework; includeInIndex = 0; path = Pods_Demo.framework; sourceTree = BUILT_PRODUCTS_DIR; };
/* End PBXFileReference section */

/* Begin PBXFrameworksBuildPhase section */
		5433263126D4A7E40014089F /* Frameworks */ = {
			isa = PBXFrameworksBuildPhase;
			buildActionMask = 2147483647;
			files = (
				BAE49E40359175DB2D16E42A /* Pods_Demo.framework in Frameworks */,
			);
			runOnlyForDeploymentPostprocessing = 0;
		};
/* End PBXFrameworksBuildPhase section */

/* Begin PBXGroup section */
		01BFEEB1705211115CFA85E5 /* Frameworks */ = {
			isa = PBXGroup;
			children = (
				BBE80879FBB99F1F7B6EACFA /* Pods_Demo.framework */,
			);
			name = Frameworks;
			sourceTree = "<group>";
		};
		5433262B26D4A7E40014089F = {
			isa = PBXGroup;
			children = (
				5433263626D4A7E40014089F /* Demo */,
				5433263526D4A7E40014089F /* Products */,
				980F60B7F9FEE8B17C36E90D /* Pods */,
				01BFEEB1705211115CFA85E5 /* Frameworks */,
			);
			sourceTree = "<group>";
		};
		5433263526D4A7E40014089F /* Products */ = {
			isa = PBXGroup;
			children = (
				5433263426D4A7E40014089F /* Demo.app */,
			);
			name = Products;
			sourceTree = "<group>";
		};
		5433263626D4A7E40014089F /* Demo */ = {
			isa = PBXGroup;
			children = (
				5476FA1726DB5E4F004A38FD /* Controller */,
				5476FA1626DB5E39004A38FD /* View */,
				5476FA1526DB5E2A004A38FD /* Model */,
				5433263726D4A7E40014089F /* AppDelegate.swift */,
				5433263926D4A7E40014089F /* SceneDelegate.swift */,
				5433264026D4A7E60014089F /* Assets.xcassets */,
				5433264226D4A7E60014089F /* LaunchScreen.storyboard */,
				5433264526D4A7E60014089F /* Info.plist */,
				54F6DBD126DF5D170043D069 /* GoogleService-Info.plist */,
			);
			path = Demo;
			sourceTree = "<group>";
		};
		5476FA1526DB5E2A004A38FD /* Model */ = {
			isa = PBXGroup;
			children = (
			);
			path = Model;
			sourceTree = "<group>";
		};
		5476FA1626DB5E39004A38FD /* View */ = {
			isa = PBXGroup;
			children = (
				5433263D26D4A7E40014089F /* Main.storyboard */,
			);
			path = View;
			sourceTree = "<group>";
		};
		5476FA1726DB5E4F004A38FD /* Controller */ = {
			isa = PBXGroup;
			children = (
				5433263B26D4A7E40014089F /* MainViewController.swift */,
				5476FA1826DB5E85004A38FD /* RegisterViewController.swift */,
				54F6DBD326DF69150043D069 /* ChatViewController.swift */,
			);
			path = Controller;
			sourceTree = "<group>";
		};
		980F60B7F9FEE8B17C36E90D /* Pods */ = {
			isa = PBXGroup;
			children = (
				9BB30FB8D0A03F5BA7847BCF /* Pods-Demo.debug.xcconfig */,
				2C2A11A73D36E147161AB316 /* Pods-Demo.release.xcconfig */,
			);
			path = Pods;
			sourceTree = "<group>";
		};
/* End PBXGroup section */

/* Begin PBXNativeTarget section */
		5433263326D4A7E40014089F /* Demo */ = {
			isa = PBXNativeTarget;
			buildConfigurationList = 5433264826D4A7E60014089F /* Build configuration list for PBXNativeTarget "Demo" */;
			buildPhases = (
				49AFE68C56AEFD8B3BAC916C /* [CP] Check Pods Manifest.lock */,
				5433263026D4A7E40014089F /* Sources */,
				5433263126D4A7E40014089F /* Frameworks */,
				5433263226D4A7E40014089F /* Resources */,
				26CCEA3744E4815425FD9F25 /* [CP] Embed Pods Frameworks */,
			);
			buildRules = (
			);
			dependencies = (
			);
			name = Demo;
			productName = Demo;
			productReference = 5433263426D4A7E40014089F /* Demo.app */;
			productType = "com.apple.product-type.application";
		};
/* End PBXNativeTarget section */

/* Begin PBXProject section */
		5433262C26D4A7E40014089F /* Project object */ = {
			isa = PBXProject;
			attributes = {
				LastSwiftUpdateCheck = 1160;
				LastUpgradeCheck = 1160;
				ORGANIZATIONNAME = thida;
				TargetAttributes = {
					5433263326D4A7E40014089F = {
						CreatedOnToolsVersion = 11.6;
					};
				};
			};
			buildConfigurationList = 5433262F26D4A7E40014089F /* Build configuration list for PBXProject "Demo" */;
			compatibilityVersion = "Xcode 9.3";
			developmentRegion = en;
			hasScannedForEncodings = 0;
			knownRegions = (
				en,
				Base,
			);
			mainGroup = 5433262B26D4A7E40014089F;
			productRefGroup = 5433263526D4A7E40014089F /* Products */;
			projectDirPath = "";
			projectRoot = "";
			targets = (
				5433263326D4A7E40014089F /* Demo */,
			);
		};
/* End PBXProject section */

/* Begin PBXResourcesBuildPhase section */
		5433263226D4A7E40014089F /* Resources */ = {
			isa = PBXResourcesBuildPhase;
			buildActionMask = 2147483647;
			files = (
				5433264426D4A7E60014089F /* LaunchScreen.storyboard in Resources */,
				54F6DBD226DF5D170043D069 /* GoogleService-Info.plist in Resources */,
				5433264126D4A7E60014089F /* Assets.xcassets in Resources */,
				5433263F26D4A7E40014089F /* Main.storyboard in Resources */,
			);
			runOnlyForDeploymentPostprocessing = 0;
		};
/* End PBXResourcesBuildPhase section */

/* Begin PBXShellScriptBuildPhase section */
		26CCEA3744E4815425FD9F25 /* [CP] Embed Pods Frameworks */ = {
			isa = PBXShellScriptBuildPhase;
			buildActionMask = 2147483647;
			files = (
			);
			inputFileListPaths = (
				"${PODS_ROOT}/Target Support Files/Pods-Demo/Pods-Demo-frameworks-${CONFIGURATION}-input-files.xcfilelist",
			);
			name = "[CP] Embed Pods Frameworks";
			outputFileListPaths = (
				"${PODS_ROOT}/Target Support Files/Pods-Demo/Pods-Demo-frameworks-${CONFIGURATION}-output-files.xcfilelist",
			);
			runOnlyForDeploymentPostprocessing = 0;
			shellPath = /bin/sh;
			shellScript = "\"${PODS_ROOT}/Target Support Files/Pods-Demo/Pods-Demo-frameworks.sh\"\n";
			showEnvVarsInLog = 0;
		};
		49AFE68C56AEFD8B3BAC916C /* [CP] Check Pods Manifest.lock */ = {
			isa = PBXShellScriptBuildPhase;
			buildActionMask = 2147483647;
			files = (
			);
			inputFileListPaths = (
			);
			inputPaths = (
				"${PODS_PODFILE_DIR_PATH}/Podfile.lock",
				"${PODS_ROOT}/Manifest.lock",
			);
			name = "[CP] Check Pods Manifest.lock";
			outputFileListPaths = (
			);
			outputPaths = (
				"$(DERIVED_FILE_DIR)/Pods-Demo-checkManifestLockResult.txt",
			);
			runOnlyForDeploymentPostprocessing = 0;
			shellPath = /bin/sh;
			shellScript = "diff \"${PODS_PODFILE_DIR_PATH}/Podfile.lock\" \"${PODS_ROOT}/Manifest.lock\" > /dev/null\nif [ $? != 0 ] ; then\n    # print error to STDERR\n    echo \"error: The sandbox is not in sync with the Podfile.lock. Run 'pod install' or update your CocoaPods installation.\" >&2\n    exit 1\nfi\n# This output is used by Xcode 'outputs' to avoid re-running this script phase.\necho \"SUCCESS\" > \"${SCRIPT_OUTPUT_FILE_0}\"\n";
			showEnvVarsInLog = 0;
		};
/* End PBXShellScriptBuildPhase section */

/* Begin PBXSourcesBuildPhase section */
		5433263026D4A7E40014089F /* Sources */ = {
			isa = PBXSourcesBuildPhase;
			buildActionMask = 2147483647;
			files = (
				5433263C26D4A7E40014089F /* MainViewController.swift in Sources */,
				5433263826D4A7E40014089F /* AppDelegate.swift in Sources */,
				5433263A26D4A7E40014089F /* SceneDelegate.swift in Sources */,
				54F6DBD426DF69150043D069 /* ChatViewController.swift in Sources */,
				5476FA1926DB5E85004A38FD /* RegisterViewController.swift in Sources */,
			);
			runOnlyForDeploymentPostprocessing = 0;
		};
/* End PBXSourcesBuildPhase section */

/* Begin PBXVariantGroup section */
		5433263D26D4A7E40014089F /* Main.storyboard */ = {
			isa = PBXVariantGroup;
			children = (
				5433263E26D4A7E40014089F /* Base */,
			);
			name = Main.storyboard;
			sourceTree = "<group>";
		};
		5433264226D4A7E60014089F /* LaunchScreen.storyboard */ = {
			isa = PBXVariantGroup;
			children = (
				5433264326D4A7E60014089F /* Base */,
			);
			name = LaunchScreen.storyboard;
			sourceTree = "<group>";
		};
/* End PBXVariantGroup section */

/* Begin XCBuildConfiguration section */
		5433264626D4A7E60014089F /* Debug */ = {
			isa = XCBuildConfiguration;
			buildSettings = {
				ALWAYS_SEARCH_USER_PATHS = NO;
				CLANG_ANALYZER_NONNULL = YES;
				CLANG_ANALYZER_NUMBER_OBJECT_CONVERSION = YES_AGGRESSIVE;
				CLANG_CXX_LANGUAGE_STANDARD = "gnu++14";
				CLANG_CXX_LIBRARY = "libc++";
				CLANG_ENABLE_MODULES = YES;
				CLANG_ENABLE_OBJC_ARC = YES;
				CLANG_ENABLE_OBJC_WEAK = YES;
				CLANG_WARN_BLOCK_CAPTURE_AUTORELEASING = YES;
				CLANG_WARN_BOOL_CONVERSION = YES;
				CLANG_WARN_COMMA = YES;
				CLANG_WARN_CONSTANT_CONVERSION = YES;
				CLANG_WARN_DEPRECATED_OBJC_IMPLEMENTATIONS = YES;
				CLANG_WARN_DIRECT_OBJC_ISA_USAGE = YES_ERROR;
				CLANG_WARN_DOCUMENTATION_COMMENTS = YES;
				CLANG_WARN_EMPTY_BODY = YES;
				CLANG_WARN_ENUM_CONVERSION = YES;
				CLANG_WARN_INFINITE_RECURSION = YES;
				CLANG_WARN_INT_CONVERSION = YES;
				CLANG_WARN_NON_LITERAL_NULL_CONVERSION = YES;
				CLANG_WARN_OBJC_IMPLICIT_RETAIN_SELF = YES;
				CLANG_WARN_OBJC_LITERAL_CONVERSION = YES;
				CLANG_WARN_OBJC_ROOT_CLASS = YES_ERROR;
				CLANG_WARN_RANGE_LOOP_ANALYSIS = YES;
				CLANG_WARN_STRICT_PROTOTYPES = YES;
				CLANG_WARN_SUSPICIOUS_MOVE = YES;
				CLANG_WARN_UNGUARDED_AVAILABILITY = YES_AGGRESSIVE;
				CLANG_WARN_UNREACHABLE_CODE = YES;
				CLANG_WARN__DUPLICATE_METHOD_MATCH = YES;
				COPY_PHASE_STRIP = NO;
				DEBUG_INFORMATION_FORMAT = dwarf;
				ENABLE_STRICT_OBJC_MSGSEND = YES;
				ENABLE_TESTABILITY = YES;
				GCC_C_LANGUAGE_STANDARD = gnu11;
				GCC_DYNAMIC_NO_PIC = NO;
				GCC_NO_COMMON_BLOCKS = YES;
				GCC_OPTIMIZATION_LEVEL = 0;
				GCC_PREPROCESSOR_DEFINITIONS = (
					"DEBUG=1",
					"$(inherited)",
				);
				GCC_WARN_64_TO_32_BIT_CONVERSION = YES;
				GCC_WARN_ABOUT_RETURN_TYPE = YES_ERROR;
				GCC_WARN_UNDECLARED_SELECTOR = YES;
				GCC_WARN_UNINITIALIZED_AUTOS = YES_AGGRESSIVE;
				GCC_WARN_UNUSED_FUNCTION = YES;
				GCC_WARN_UNUSED_VARIABLE = YES;
				IPHONEOS_DEPLOYMENT_TARGET = 13.6;
				MTL_ENABLE_DEBUG_INFO = INCLUDE_SOURCE;
				MTL_FAST_MATH = YES;
				ONLY_ACTIVE_ARCH = YES;
				SDKROOT = iphoneos;
				SWIFT_ACTIVE_COMPILATION_CONDITIONS = DEBUG;
				SWIFT_OPTIMIZATION_LEVEL = "-Onone";
			};
			name = Debug;
		};
		5433264726D4A7E60014089F /* Release */ = {
			isa = XCBuildConfiguration;
			buildSettings = {
				ALWAYS_SEARCH_USER_PATHS = NO;
				CLANG_ANALYZER_NONNULL = YES;
				CLANG_ANALYZER_NUMBER_OBJECT_CONVERSION = YES_AGGRESSIVE;
				CLANG_CXX_LANGUAGE_STANDARD = "gnu++14";
				CLANG_CXX_LIBRARY = "libc++";
				CLANG_ENABLE_MODULES = YES;
				CLANG_ENABLE_OBJC_ARC = YES;
				CLANG_ENABLE_OBJC_WEAK = YES;
				CLANG_WARN_BLOCK_CAPTURE_AUTORELEASING = YES;
				CLANG_WARN_BOOL_CONVERSION = YES;
				CLANG_WARN_COMMA = YES;
				CLANG_WARN_CONSTANT_CONVERSION = YES;
				CLANG_WARN_DEPRECATED_OBJC_IMPLEMENTATIONS = YES;
				CLANG_WARN_DIRECT_OBJC_ISA_USAGE = YES_ERROR;
				CLANG_WARN_DOCUMENTATION_COMMENTS = YES;
				CLANG_WARN_EMPTY_BODY = YES;
				CLANG_WARN_ENUM_CONVERSION = YES;
				CLANG_WARN_INFINITE_RECURSION = YES;
				CLANG_WARN_INT_CONVERSION = YES;
				CLANG_WARN_NON_LITERAL_NULL_CONVERSION = YES;
				CLANG_WARN_OBJC_IMPLICIT_RETAIN_SELF = YES;
				CLANG_WARN_OBJC_LITERAL_CONVERSION = YES;
				CLANG_WARN_OBJC_ROOT_CLASS = YES_ERROR;
				CLANG_WARN_RANGE_LOOP_ANALYSIS = YES;
				CLANG_WARN_STRICT_PROTOTYPES = YES;
				CLANG_WARN_SUSPICIOUS_MOVE = YES;
				CLANG_WARN_UNGUARDED_AVAILABILITY = YES_AGGRESSIVE;
				CLANG_WARN_UNREACHABLE_CODE = YES;
				CLANG_WARN__DUPLICATE_METHOD_MATCH = YES;
				COPY_PHASE_STRIP = NO;
				DEBUG_INFORMATION_FORMAT = "dwarf-with-dsym";
				ENABLE_NS_ASSERTIONS = NO;
				ENABLE_STRICT_OBJC_MSGSEND = YES;
				GCC_C_LANGUAGE_STANDARD = gnu11;
				GCC_NO_COMMON_BLOCKS = YES;
				GCC_WARN_64_TO_32_BIT_CONVERSION = YES;
				GCC_WARN_ABOUT_RETURN_TYPE = YES_ERROR;
				GCC_WARN_UNDECLARED_SELECTOR = YES;
				GCC_WARN_UNINITIALIZED_AUTOS = YES_AGGRESSIVE;
				GCC_WARN_UNUSED_FUNCTION = YES;
				GCC_WARN_UNUSED_VARIABLE = YES;
				IPHONEOS_DEPLOYMENT_TARGET = 13.6;
				MTL_ENABLE_DEBUG_INFO = NO;
				MTL_FAST_MATH = YES;
				SDKROOT = iphoneos;
				SWIFT_COMPILATION_MODE = wholemodule;
				SWIFT_OPTIMIZATION_LEVEL = "-O";
				VALIDATE_PRODUCT = YES;
			};
			name = Release;
		};
		5433264926D4A7E60014089F /* Debug */ = {
			isa = XCBuildConfiguration;
			baseConfigurationReference = 9BB30FB8D0A03F5BA7847BCF /* Pods-Demo.debug.xcconfig */;
			buildSettings = {
				ASSETCATALOG_COMPILER_APPICON_NAME = AppIcon;
				CODE_SIGN_STYLE = Automatic;
				INFOPLIST_FILE = Demo/Info.plist;
				LD_RUNPATH_SEARCH_PATHS = (
					"$(inherited)",
					"@executable_path/Frameworks",
				);
				PRODUCT_BUNDLE_IDENTIFIER = com.thida.Demo;
				PRODUCT_NAME = "$(TARGET_NAME)";
				SWIFT_VERSION = 5.0;
				TARGETED_DEVICE_FAMILY = "1,2";
			};
			name = Debug;
		};
		5433264A26D4A7E60014089F /* Release */ = {
			isa = XCBuildConfiguration;
			baseConfigurationReference = 2C2A11A73D36E147161AB316 /* Pods-Demo.release.xcconfig */;
			buildSettings = {
				ASSETCATALOG_COMPILER_APPICON_NAME = AppIcon;
				CODE_SIGN_STYLE = Automatic;
				INFOPLIST_FILE = Demo/Info.plist;
				LD_RUNPATH_SEARCH_PATHS = (
					"$(inherited)",
					"@executable_path/Frameworks",
				);
				PRODUCT_BUNDLE_IDENTIFIER = com.thida.Demo;
				PRODUCT_NAME = "$(TARGET_NAME)";
				SWIFT_VERSION = 5.0;
				TARGETED_DEVICE_FAMILY = "1,2";
			};
			name = Release;
		};
/* End XCBuildConfiguration section */

/* Begin XCConfigurationList section */
		5433262F26D4A7E40014089F /* Build configuration list for PBXProject "Demo" */ = {
			isa = XCConfigurationList;
			buildConfigurations = (
				5433264626D4A7E60014089F /* Debug */,
				5433264726D4A7E60014089F /* Release */,
			);
			defaultConfigurationIsVisible = 0;
			defaultConfigurationName = Release;
		};
		5433264826D4A7E60014089F /* Build configuration list for PBXNativeTarget "Demo" */ = {
			isa = XCConfigurationList;
			buildConfigurations = (
				5433264926D4A7E60014089F /* Debug */,
				5433264A26D4A7E60014089F /* Release */,
			);
			defaultConfigurationIsVisible = 0;
			defaultConfigurationName = Release;
		};
/* End XCConfigurationList section */
	};
	rootObject = 5433262C26D4A7E40014089F /* Project object */;
}
